
Microsoft Visual Studio Solution File, Format Version 12.00
# Visual Studio Version 17
VisualStudioVersion = 17.13.35806.99 d17.13
MinimumVisualStudioVersion = 10.0.40219.1
Project("{FAE04EC0-301F-11D3-BF4B-00C04F79EFBC}") = "Demothidecu", "Demothidecu\Demothidecu.csproj", "{69D3EBD8-8311-44D4-A32B-3DAE0584C8DB}"
EndProject
Global
	GlobalSection(SolutionConfigurationPlatforms) = preSolution
		Debug|Any CPU = Debug|Any CPU
		Release|Any CPU = Release|Any CPU
	EndGlobalSection
	GlobalSection(ProjectConfigurationPlatforms) = postSolution
		{69D3EBD8-8311-44D4-A32B-3DAE0584C8DB}.Debug|Any CPU.ActiveCfg = Debug|Any CPU
		{69D3EBD8-8311-44D4-A32B-3DAE0584C8DB}.Debug|Any CPU.Build.0 = Debug|Any CPU
		{69D3EBD8-8311-44D4-A32B-3DAE0584C8DB}.Release|Any CPU.ActiveCfg = Release|Any CPU
		{69D3EBD8-8311-44D4-A32B-3DAE0584C8DB}.Release|Any CPU.Build.0 = Release|Any CPU
	EndGlobalSection
	GlobalSection(SolutionProperties) = preSolution
		HideSolutionNode = FALSE
	EndGlobalSection
	GlobalSection(ExtensibilityGlobals) = postSolution
		SolutionGuid = {357147E9-36AB-4AFD-9E43-2182546CB934}
	EndGlobalSection
EndGlobal
